
Microsoft Visual Studio Solution File, Format Version 12.00
# Visual Studio Version 17
VisualStudioVersion = 17.5.33502.453
MinimumVisualStudioVersion = 10.0.40219.1
Project("{FAE04EC0-301F-11D3-BF4B-00C04F79EFBC}") = "magazintovarov", "magazintovarov.csproj", "{ADFF50E6-8693-419E-B4B9-1660AD59D977}"
EndProject
Global
	GlobalSection(SolutionConfigurationPlatforms) = preSolution
		Debug|Any CPU = Debug|Any CPU
		Release|Any CPU = Release|Any CPU
	EndGlobalSection
	GlobalSection(ProjectConfigurationPlatforms) = postSolution
		{ADFF50E6-8693-419E-B4B9-1660AD59D977}.Debug|Any CPU.ActiveCfg = Debug|Any CPU
		{ADFF50E6-8693-419E-B4B9-1660AD59D977}.Debug|Any CPU.Build.0 = Debug|Any CPU
		{ADFF50E6-8693-419E-B4B9-1660AD59D977}.Release|Any CPU.ActiveCfg = Release|Any CPU
		{ADFF50E6-8693-419E-B4B9-1660AD59D977}.Release|Any CPU.Build.0 = Release|Any CPU
	EndGlobalSection
	GlobalSection(SolutionProperties) = preSolution
		HideSolutionNode = FALSE
	EndGlobalSection
	GlobalSection(ExtensibilityGlobals) = postSolution
		SolutionGuid = {5E41B4F0-81D6-4BA5-95BC-4440F75E39A8}
	EndGlobalSection
EndGlobal
